{
  "name": "faculty-portfolio-2",
  "lockfileVersion": 3,
  "requires": true,
  "packages": {
    "": {
      "dependencies": {
        "get-shit-done-cc": "^1.30.0"
      }
    },
    "node_modules/get-shit-done-cc": {
      "version": "1.30.0",
      "resolved": "https://registry.npmjs.org/get-shit-done-cc/-/get-shit-done-cc-1.30.0.tgz",
      "integrity": "sha512-1bJzPCbhoZLdjivEh0bOuZTMnc7kaZIlb2rHOaTAUVZ3t8fSI3xI5QCr65HuENoKTFktScpsrWx4b+4pXV8ndA==",
      "license": "MIT",
      "bin": {
        "get-shit-done-cc": "bin/install.js"
      },
      "engines": {
        "node": ">=20.0.0"
      }
    }
  }
}
